
Microsoft Visual Studio Solution File, Format Version 12.00
# Visual Studio Version 16
VisualStudioVersion = 16.0.29418.71
MinimumVisualStudioVersion = 10.0.40219.1
Project("{2150E333-8FDC-42A3-9474-1A3956D46DE8}") = "src", "src", "{826DC3E5-67B3-4552-8478-8DFAFE2D0C8F}"
EndProject
Project("{2150E333-8FDC-42A3-9474-1A3956D46DE8}") = "Services", "Services", "{B2278834-CD73-4424-9E2D-A778BAE1D47B}"
EndProject
Project("{2150E333-8FDC-42A3-9474-1A3956D46DE8}") = "Common", "Common", "{5D8B950C-6EF3-4CFA-AC33-902C97B71A81}"
EndProject
Project("{2150E333-8FDC-42A3-9474-1A3956D46DE8}") = "Identity", "Identity", "{12E099BA-EAC5-4212-9CC8-79B9004C37B0}"
EndProject
Project("{2150E333-8FDC-42A3-9474-1A3956D46DE8}") = "Payment", "Payment", "{A687688E-9EDA-4859-8644-174E7654D208}"
EndProject
Project("{9A19103F-16F7-4668-BE54-9A1E7A4F7556}") = "Identity.Api", "Identity.Api\Identity.Api.csproj", "{64A15AA5-B2FC-442A-870D-651FFD98D672}"
EndProject
Project("{9A19103F-16F7-4668-BE54-9A1E7A4F7556}") = "Payment.Api", "Payment.Api\Payment.Api.csproj", "{50220A11-9AF6-48DF-A583-FB7AEF6D10F4}"
EndProject
Project("{2150E333-8FDC-42A3-9474-1A3956D46DE8}") = "EventBus", "EventBus", "{ABDB7FBF-BBCD-42EE-AFF5-492FC9BDD5C6}"
EndProject
Project("{9A19103F-16F7-4668-BE54-9A1E7A4F7556}") = "EventBus.Common", "EventBus.Common\EventBus.Common.csproj", "{AED48674-68D9-4BA4-B56E-0ED700E09DAD}"
EndProject
Project("{9A19103F-16F7-4668-BE54-9A1E7A4F7556}") = "EventBus.RabbitMQ", "EventBus.RabbitMQ\EventBus.RabbitMQ.csproj", "{6A868A66-5BCE-4560-A15F-2FBFC19C7973}"
EndProject
Project("{2150E333-8FDC-42A3-9474-1A3956D46DE8}") = "Core", "Core", "{3EC285FF-B653-48FD-9311-DC8026A6431B}"
EndProject
Project("{9A19103F-16F7-4668-BE54-9A1E7A4F7556}") = "Microservices.Core", "Microservices.Core\Microservices.Core.csproj", "{69273F4F-E681-4000-98DE-12610FAE5415}"
EndProject
Project("{2150E333-8FDC-42A3-9474-1A3956D46DE8}") = "Mail", "Mail", "{321C55BD-9E29-4AAE-9960-B11185A668B6}"
EndProject
Project("{9A19103F-16F7-4668-BE54-9A1E7A4F7556}") = "Mail", "Mail\Mail.csproj", "{379F21C6-4553-4AB0-B4FF-054C412E128B}"
EndProject
Project("{2150E333-8FDC-42A3-9474-1A3956D46DE8}") = "PowerBI", "PowerBI", "{7082BA5A-D5D2-4C79-9345-84F2B047668B}"
EndProject
Project("{9A19103F-16F7-4668-BE54-9A1E7A4F7556}") = "PowerBi.Api", "PowerBi.Api\PowerBi.Api.csproj", "{9A376A40-09F2-4B8F-99BB-F9494A9381A0}"
EndProject
Project("{E53339B2-1760-4266-BCC7-CA923CBCF16C}") = "docker-compose", "docker-compose.dcproj", "{FEA0C318-FFED-4D39-8781-265718CA43DD}"
EndProject
Project("{2150E333-8FDC-42A3-9474-1A3956D46DE8}") = "ApiGateway", "ApiGateway", "{1DA72502-5C85-458B-AF40-780D2CE2BDBC}"
EndProject
Project("{9A19103F-16F7-4668-BE54-9A1E7A4F7556}") = "Api.Gw.Ocelot", "Api.Gw.Ocelot\Api.Gw.Ocelot.csproj", "{5E10BFBD-31FB-4DF9-BF32-996FBF064C86}"
EndProject
Project("{9A19103F-16F7-4668-BE54-9A1E7A4F7556}") = "EventBus.AzureServiceBus", "EventBus.AzureServiceBus\EventBus.AzureServiceBus.csproj", "{5A5BF980-8748-4EEB-9EB1-5091AC63FD8D}"
EndProject
Global
	GlobalSection(SolutionConfigurationPlatforms) = preSolution
		Debug|Any CPU = Debug|Any CPU
		Release|Any CPU = Release|Any CPU
	EndGlobalSection
	GlobalSection(ProjectConfigurationPlatforms) = postSolution
		{64A15AA5-B2FC-442A-870D-651FFD98D672}.Debug|Any CPU.ActiveCfg = Debug|Any CPU
		{64A15AA5-B2FC-442A-870D-651FFD98D672}.Debug|Any CPU.Build.0 = Debug|Any CPU
		{64A15AA5-B2FC-442A-870D-651FFD98D672}.Release|Any CPU.ActiveCfg = Release|Any CPU
		{64A15AA5-B2FC-442A-870D-651FFD98D672}.Release|Any CPU.Build.0 = Release|Any CPU
		{50220A11-9AF6-48DF-A583-FB7AEF6D10F4}.Debug|Any CPU.ActiveCfg = Debug|Any CPU
		{50220A11-9AF6-48DF-A583-FB7AEF6D10F4}.Debug|Any CPU.Build.0 = Debug|Any CPU
		{50220A11-9AF6-48DF-A583-FB7AEF6D10F4}.Release|Any CPU.ActiveCfg = Release|Any CPU
		{50220A11-9AF6-48DF-A583-FB7AEF6D10F4}.Release|Any CPU.Build.0 = Release|Any CPU
		{AED48674-68D9-4BA4-B56E-0ED700E09DAD}.Debug|Any CPU.ActiveCfg = Debug|Any CPU
		{AED48674-68D9-4BA4-B56E-0ED700E09DAD}.Debug|Any CPU.Build.0 = Debug|Any CPU
		{AED48674-68D9-4BA4-B56E-0ED700E09DAD}.Release|Any CPU.ActiveCfg = Release|Any CPU
		{AED48674-68D9-4BA4-B56E-0ED700E09DAD}.Release|Any CPU.Build.0 = Release|Any CPU
		{6A868A66-5BCE-4560-A15F-2FBFC19C7973}.Debug|Any CPU.ActiveCfg = Debug|Any CPU
		{6A868A66-5BCE-4560-A15F-2FBFC19C7973}.Debug|Any CPU.Build.0 = Debug|Any CPU
		{6A868A66-5BCE-4560-A15F-2FBFC19C7973}.Release|Any CPU.ActiveCfg = Release|Any CPU
		{6A868A66-5BCE-4560-A15F-2FBFC19C7973}.Release|Any CPU.Build.0 = Release|Any CPU
		{69273F4F-E681-4000-98DE-12610FAE5415}.Debug|Any CPU.ActiveCfg = Debug|Any CPU
		{69273F4F-E681-4000-98DE-12610FAE5415}.Debug|Any CPU.Build.0 = Debug|Any CPU
		{69273F4F-E681-4000-98DE-12610FAE5415}.Release|Any CPU.ActiveCfg = Release|Any CPU
		{69273F4F-E681-4000-98DE-12610FAE5415}.Release|Any CPU.Build.0 = Release|Any CPU
		{379F21C6-4553-4AB0-B4FF-054C412E128B}.Debug|Any CPU.ActiveCfg = Debug|Any CPU
		{379F21C6-4553-4AB0-B4FF-054C412E128B}.Debug|Any CPU.Build.0 = Debug|Any CPU
		{379F21C6-4553-4AB0-B4FF-054C412E128B}.Release|Any CPU.ActiveCfg = Release|Any CPU
		{379F21C6-4553-4AB0-B4FF-054C412E128B}.Release|Any CPU.Build.0 = Release|Any CPU
		{9A376A40-09F2-4B8F-99BB-F9494A9381A0}.Debug|Any CPU.ActiveCfg = Debug|Any CPU
		{9A376A40-09F2-4B8F-99BB-F9494A9381A0}.Debug|Any CPU.Build.0 = Debug|Any CPU
		{9A376A40-09F2-4B8F-99BB-F9494A9381A0}.Release|Any CPU.ActiveCfg = Release|Any CPU
		{9A376A40-09F2-4B8F-99BB-F9494A9381A0}.Release|Any CPU.Build.0 = Release|Any CPU
		{FEA0C318-FFED-4D39-8781-265718CA43DD}.Debug|Any CPU.ActiveCfg = Debug|Any CPU
		{FEA0C318-FFED-4D39-8781-265718CA43DD}.Debug|Any CPU.Build.0 = Debug|Any CPU
		{FEA0C318-FFED-4D39-8781-265718CA43DD}.Release|Any CPU.ActiveCfg = Release|Any CPU
		{FEA0C318-FFED-4D39-8781-265718CA43DD}.Release|Any CPU.Build.0 = Release|Any CPU
		{5E10BFBD-31FB-4DF9-BF32-996FBF064C86}.Debug|Any CPU.ActiveCfg = Debug|Any CPU
		{5E10BFBD-31FB-4DF9-BF32-996FBF064C86}.Debug|Any CPU.Build.0 = Debug|Any CPU
		{5E10BFBD-31FB-4DF9-BF32-996FBF064C86}.Release|Any CPU.ActiveCfg = Release|Any CPU
		{5E10BFBD-31FB-4DF9-BF32-996FBF064C86}.Release|Any CPU.Build.0 = Release|Any CPU
		{5A5BF980-8748-4EEB-9EB1-5091AC63FD8D}.Debug|Any CPU.ActiveCfg = Debug|Any CPU
		{5A5BF980-8748-4EEB-9EB1-5091AC63FD8D}.Debug|Any CPU.Build.0 = Debug|Any CPU
		{5A5BF980-8748-4EEB-9EB1-5091AC63FD8D}.Release|Any CPU.ActiveCfg = Release|Any CPU
		{5A5BF980-8748-4EEB-9EB1-5091AC63FD8D}.Release|Any CPU.Build.0 = Release|Any CPU
	EndGlobalSection
	GlobalSection(SolutionProperties) = preSolution
		HideSolutionNode = FALSE
	EndGlobalSection
	GlobalSection(NestedProjects) = preSolution
		{B2278834-CD73-4424-9E2D-A778BAE1D47B} = {826DC3E5-67B3-4552-8478-8DFAFE2D0C8F}
		{5D8B950C-6EF3-4CFA-AC33-902C97B71A81} = {826DC3E5-67B3-4552-8478-8DFAFE2D0C8F}
		{12E099BA-EAC5-4212-9CC8-79B9004C37B0} = {B2278834-CD73-4424-9E2D-A778BAE1D47B}
		{A687688E-9EDA-4859-8644-174E7654D208} = {B2278834-CD73-4424-9E2D-A778BAE1D47B}
		{64A15AA5-B2FC-442A-870D-651FFD98D672} = {12E099BA-EAC5-4212-9CC8-79B9004C37B0}
		{50220A11-9AF6-48DF-A583-FB7AEF6D10F4} = {A687688E-9EDA-4859-8644-174E7654D208}
		{ABDB7FBF-BBCD-42EE-AFF5-492FC9BDD5C6} = {5D8B950C-6EF3-4CFA-AC33-902C97B71A81}
		{AED48674-68D9-4BA4-B56E-0ED700E09DAD} = {ABDB7FBF-BBCD-42EE-AFF5-492FC9BDD5C6}
		{6A868A66-5BCE-4560-A15F-2FBFC19C7973} = {ABDB7FBF-BBCD-42EE-AFF5-492FC9BDD5C6}
		{3EC285FF-B653-48FD-9311-DC8026A6431B} = {5D8B950C-6EF3-4CFA-AC33-902C97B71A81}
		{69273F4F-E681-4000-98DE-12610FAE5415} = {3EC285FF-B653-48FD-9311-DC8026A6431B}
		{321C55BD-9E29-4AAE-9960-B11185A668B6} = {B2278834-CD73-4424-9E2D-A778BAE1D47B}
		{379F21C6-4553-4AB0-B4FF-054C412E128B} = {321C55BD-9E29-4AAE-9960-B11185A668B6}
		{7082BA5A-D5D2-4C79-9345-84F2B047668B} = {B2278834-CD73-4424-9E2D-A778BAE1D47B}
		{9A376A40-09F2-4B8F-99BB-F9494A9381A0} = {7082BA5A-D5D2-4C79-9345-84F2B047668B}
		{1DA72502-5C85-458B-AF40-780D2CE2BDBC} = {826DC3E5-67B3-4552-8478-8DFAFE2D0C8F}
		{5E10BFBD-31FB-4DF9-BF32-996FBF064C86} = {1DA72502-5C85-458B-AF40-780D2CE2BDBC}
		{5A5BF980-8748-4EEB-9EB1-5091AC63FD8D} = {ABDB7FBF-BBCD-42EE-AFF5-492FC9BDD5C6}
	EndGlobalSection
	GlobalSection(ExtensibilityGlobals) = postSolution
		SolutionGuid = {BE992828-10C3-4690-BF9D-81DEFA587370}
	EndGlobalSection
EndGlobal
